lockfileVersion: '9.0'

settings:
  autoInstallPeers: true
  excludeLinksFromLockfile: false

importers:

  .:
    devDependencies:
      '@eslint/js':
        specifier: ^9.36.0
        version: 9.36.0

packages:

  '@eslint/js@9.36.0':
    resolution: {integrity: sha512-uhCbYtYynH30iZErszX78U+nR3pJU3RHGQ57NXy5QupD4SBVwDeU8TNBy+MjMngc1UyIW9noKqsRqfjQTBU2dw==}
    engines: {node: ^18.18.0 || ^20.9.0 || >=21.1.0}

snapshots:

  '@eslint/js@9.36.0': {}
